
Microsoft Visual Studio Solution File, Format Version 12.00
# Visual Studio Version 17
VisualStudioVersion = 17.1.32104.313
MinimumVisualStudioVersion = 10.0.40219.1
Project("{2150E333-8FDC-42A3-9474-1A3956D46DE8}") = "Management", "Management", "{7FFDA679-8707-475C-A4DF-2CC881672169}"
EndProject
Project("{2150E333-8FDC-42A3-9474-1A3956D46DE8}") = "Tests", "Tests", "{E4D3765D-F5DA-4507-91C9-E175AB34E9A5}"
EndProject
Project("{9A19103F-16F7-4668-BE54-9A1E7A4F7556}") = "Duende.IdentityServer.Akc.Management.Tests", "Tests\Duende.IdentityServer.Akc.Admin.Tests\Duende.IdentityServer.Akc.Management.Tests.csproj", "{B6F50530-6394-4D93-8715-2EC2238D27F3}"
EndProject
Project("{9A19103F-16F7-4668-BE54-9A1E7A4F7556}") = "Duende.IdentityServer.Akc.Management.Api", "Management\Duende.IdentityServer.Akc.Management.Api\Duende.IdentityServer.Akc.Management.Api.csproj", "{6EE89298-6505-4068-878C-A3BC26970B28}"
EndProject
Global
	GlobalSection(SolutionConfigurationPlatforms) = preSolution
		Debug|Any CPU = Debug|Any CPU
		Release|Any CPU = Release|Any CPU
	EndGlobalSection
	GlobalSection(ProjectConfigurationPlatforms) = postSolution
		{B6F50530-6394-4D93-8715-2EC2238D27F3}.Debug|Any CPU.ActiveCfg = Debug|Any CPU
		{B6F50530-6394-4D93-8715-2EC2238D27F3}.Debug|Any CPU.Build.0 = Debug|Any CPU
		{B6F50530-6394-4D93-8715-2EC2238D27F3}.Release|Any CPU.ActiveCfg = Release|Any CPU
		{B6F50530-6394-4D93-8715-2EC2238D27F3}.Release|Any CPU.Build.0 = Release|Any CPU
		{6EE89298-6505-4068-878C-A3BC26970B28}.Debug|Any CPU.ActiveCfg = Debug|Any CPU
		{6EE89298-6505-4068-878C-A3BC26970B28}.Debug|Any CPU.Build.0 = Debug|Any CPU
		{6EE89298-6505-4068-878C-A3BC26970B28}.Release|Any CPU.ActiveCfg = Release|Any CPU
		{6EE89298-6505-4068-878C-A3BC26970B28}.Release|Any CPU.Build.0 = Release|Any CPU
	EndGlobalSection
	GlobalSection(SolutionProperties) = preSolution
		HideSolutionNode = FALSE
	EndGlobalSection
	GlobalSection(NestedProjects) = preSolution
		{B6F50530-6394-4D93-8715-2EC2238D27F3} = {E4D3765D-F5DA-4507-91C9-E175AB34E9A5}
		{6EE89298-6505-4068-878C-A3BC26970B28} = {7FFDA679-8707-475C-A4DF-2CC881672169}
	EndGlobalSection
	GlobalSection(ExtensibilityGlobals) = postSolution
		SolutionGuid = {87A0D3C1-3476-4F55-B606-25621A9B146A}
	EndGlobalSection
EndGlobal
