
Microsoft Visual Studio Solution File, Format Version 12.00
# Visual Studio Version 17
VisualStudioVersion = 17.1.32104.313
MinimumVisualStudioVersion = 10.0.40219.1
Project("{FAE04EC0-301F-11D3-BF4B-00C04F79EFBC}") = "Duende.IdentityServer.Akc.Admin.Api", "Admin\Duende.IdentityServer.Akc.Admin.Api\Duende.IdentityServer.Akc.Admin.Api.csproj", "{931A133A-F357-4B95-9F7D-F2FBA81EEE1C}"
EndProject
Project("{2150E333-8FDC-42A3-9474-1A3956D46DE8}") = "Admin", "Admin", "{7FFDA679-8707-475C-A4DF-2CC881672169}"
EndProject
Project("{2150E333-8FDC-42A3-9474-1A3956D46DE8}") = "Tests", "Tests", "{E4D3765D-F5DA-4507-91C9-E175AB34E9A5}"
EndProject
Project("{FAE04EC0-301F-11D3-BF4B-00C04F79EFBC}") = "Duende.IdentityServer.Akc.Admin.Tests", "Tests\Duende.IdentityServer.Akc.Admin.Tests\Duende.IdentityServer.Akc.Admin.Tests.csproj", "{B6F50530-6394-4D93-8715-2EC2238D27F3}"
EndProject
Global
	GlobalSection(SolutionConfigurationPlatforms) = preSolution
		Debug|Any CPU = Debug|Any CPU
		Release|Any CPU = Release|Any CPU
	EndGlobalSection
	GlobalSection(ProjectConfigurationPlatforms) = postSolution
		{931A133A-F357-4B95-9F7D-F2FBA81EEE1C}.Debug|Any CPU.ActiveCfg = Debug|Any CPU
		{931A133A-F357-4B95-9F7D-F2FBA81EEE1C}.Debug|Any CPU.Build.0 = Debug|Any CPU
		{931A133A-F357-4B95-9F7D-F2FBA81EEE1C}.Release|Any CPU.ActiveCfg = Release|Any CPU
		{931A133A-F357-4B95-9F7D-F2FBA81EEE1C}.Release|Any CPU.Build.0 = Release|Any CPU
		{B6F50530-6394-4D93-8715-2EC2238D27F3}.Debug|Any CPU.ActiveCfg = Debug|Any CPU
		{B6F50530-6394-4D93-8715-2EC2238D27F3}.Debug|Any CPU.Build.0 = Debug|Any CPU
		{B6F50530-6394-4D93-8715-2EC2238D27F3}.Release|Any CPU.ActiveCfg = Release|Any CPU
		{B6F50530-6394-4D93-8715-2EC2238D27F3}.Release|Any CPU.Build.0 = Release|Any CPU
	EndGlobalSection
	GlobalSection(SolutionProperties) = preSolution
		HideSolutionNode = FALSE
	EndGlobalSection
	GlobalSection(NestedProjects) = preSolution
		{931A133A-F357-4B95-9F7D-F2FBA81EEE1C} = {7FFDA679-8707-475C-A4DF-2CC881672169}
		{B6F50530-6394-4D93-8715-2EC2238D27F3} = {E4D3765D-F5DA-4507-91C9-E175AB34E9A5}
	EndGlobalSection
	GlobalSection(ExtensibilityGlobals) = postSolution
		SolutionGuid = {87A0D3C1-3476-4F55-B606-25621A9B146A}
	EndGlobalSection
EndGlobal
